
Microsoft Visual Studio Solution File, Format Version 12.00
# Visual Studio 15
VisualStudioVersion = 15.0.28307.438
MinimumVisualStudioVersion = 10.0.40219.1
Project("{8BC9CEB8-8B4A-11D0-8D11-00A0C91BC942}") = "filestructure2019-chapter9", "filestructure2019-chapter9.vcxproj", "{1ED6FB67-CCBD-4474-8223-9DCB96CEF8A8}"
EndProject
Global
	GlobalSection(SolutionConfigurationPlatforms) = preSolution
		Debug|x64 = Debug|x64
		Debug|x86 = Debug|x86
		Release|x64 = Release|x64
		Release|x86 = Release|x86
	EndGlobalSection
	GlobalSection(ProjectConfigurationPlatforms) = postSolution
		{1ED6FB67-CCBD-4474-8223-9DCB96CEF8A8}.Debug|x64.ActiveCfg = Debug|x64
		{1ED6FB67-CCBD-4474-8223-9DCB96CEF8A8}.Debug|x64.Build.0 = Debug|x64
		{1ED6FB67-CCBD-4474-8223-9DCB96CEF8A8}.Debug|x86.ActiveCfg = Debug|Win32
		{1ED6FB67-CCBD-4474-8223-9DCB96CEF8A8}.Debug|x86.Build.0 = Debug|Win32
		{1ED6FB67-CCBD-4474-8223-9DCB96CEF8A8}.Release|x64.ActiveCfg = Release|x64
		{1ED6FB67-CCBD-4474-8223-9DCB96CEF8A8}.Release|x64.Build.0 = Release|x64
		{1ED6FB67-CCBD-4474-8223-9DCB96CEF8A8}.Release|x86.ActiveCfg = Release|Win32
		{1ED6FB67-CCBD-4474-8223-9DCB96CEF8A8}.Release|x86.Build.0 = Release|Win32
	EndGlobalSection
	GlobalSection(SolutionProperties) = preSolution
		HideSolutionNode = FALSE
	EndGlobalSection
	GlobalSection(ExtensibilityGlobals) = postSolution
		SolutionGuid = {DF1E0ECF-2965-4C08-ACD0-566715AF4B63}
	EndGlobalSection
EndGlobal
